
Microsoft Visual Studio Solution File, Format Version 12.00
# Visual Studio Version 17
VisualStudioVersion = 17.7.34221.43
MinimumVisualStudioVersion = 10.0.40219.1
Project("{8BC9CEB8-8B4A-11D0-8D11-00A0C91BC942}") = "GraphSln", "GraphSln\GraphSln.vcxproj", "{719EAA99-8478-44F9-8DBE-61164C6116B7}"
EndProject
Project("{8BC9CEB8-8B4A-11D0-8D11-00A0C91BC942}") = "StronglyConnComponents", "StronglyConnComponents\StronglyConnComponents.vcxproj", "{469B719A-5300-41F5-B17D-6D97FD1D515D}"
EndProject
Global
	GlobalSection(SolutionConfigurationPlatforms) = preSolution
		Debug|x64 = Debug|x64
		Debug|x86 = Debug|x86
		Release|x64 = Release|x64
		Release|x86 = Release|x86
	EndGlobalSection
	GlobalSection(ProjectConfigurationPlatforms) = postSolution
		{719EAA99-8478-44F9-8DBE-61164C6116B7}.Debug|x64.ActiveCfg = Debug|x64
		{719EAA99-8478-44F9-8DBE-61164C6116B7}.Debug|x64.Build.0 = Debug|x64
		{719EAA99-8478-44F9-8DBE-61164C6116B7}.Debug|x86.ActiveCfg = Debug|Win32
		{719EAA99-8478-44F9-8DBE-61164C6116B7}.Debug|x86.Build.0 = Debug|Win32
		{719EAA99-8478-44F9-8DBE-61164C6116B7}.Release|x64.ActiveCfg = Release|x64
		{719EAA99-8478-44F9-8DBE-61164C6116B7}.Release|x64.Build.0 = Release|x64
		{719EAA99-8478-44F9-8DBE-61164C6116B7}.Release|x86.ActiveCfg = Release|Win32
		{719EAA99-8478-44F9-8DBE-61164C6116B7}.Release|x86.Build.0 = Release|Win32
		{469B719A-5300-41F5-B17D-6D97FD1D515D}.Debug|x64.ActiveCfg = Debug|x64
		{469B719A-5300-41F5-B17D-6D97FD1D515D}.Debug|x64.Build.0 = Debug|x64
		{469B719A-5300-41F5-B17D-6D97FD1D515D}.Debug|x86.ActiveCfg = Debug|Win32
		{469B719A-5300-41F5-B17D-6D97FD1D515D}.Debug|x86.Build.0 = Debug|Win32
		{469B719A-5300-41F5-B17D-6D97FD1D515D}.Release|x64.ActiveCfg = Release|x64
		{469B719A-5300-41F5-B17D-6D97FD1D515D}.Release|x64.Build.0 = Release|x64
		{469B719A-5300-41F5-B17D-6D97FD1D515D}.Release|x86.ActiveCfg = Release|Win32
		{469B719A-5300-41F5-B17D-6D97FD1D515D}.Release|x86.Build.0 = Release|Win32
	EndGlobalSection
	GlobalSection(SolutionProperties) = preSolution
		HideSolutionNode = FALSE
	EndGlobalSection
	GlobalSection(ExtensibilityGlobals) = postSolution
		SolutionGuid = {4032317E-55DC-4F4C-B1A8-3F0FCE981BBE}
	EndGlobalSection
EndGlobal
